
Microsoft Visual Studio Solution File, Format Version 12.00
# Visual Studio Version 16
VisualStudioVersion = 16.0.32510.428
MinimumVisualStudioVersion = 10.0.40219.1
Project("{FAE04EC0-301F-11D3-BF4B-00C04F79EFBC}") = "B0226497_段昱如_PDPR_week15_1", "B0226497_段昱如_PDPR_week15_1.csproj", "{81341EBB-9F65-4762-A29E-F35C0C6B897E}"
EndProject
Global
	GlobalSection(SolutionConfigurationPlatforms) = preSolution
		Debug|Any CPU = Debug|Any CPU
		Release|Any CPU = Release|Any CPU
	EndGlobalSection
	GlobalSection(ProjectConfigurationPlatforms) = postSolution
		{81341EBB-9F65-4762-A29E-F35C0C6B897E}.Debug|Any CPU.ActiveCfg = Debug|Any CPU
		{81341EBB-9F65-4762-A29E-F35C0C6B897E}.Debug|Any CPU.Build.0 = Debug|Any CPU
		{81341EBB-9F65-4762-A29E-F35C0C6B897E}.Release|Any CPU.ActiveCfg = Release|Any CPU
		{81341EBB-9F65-4762-A29E-F35C0C6B897E}.Release|Any CPU.Build.0 = Release|Any CPU
	EndGlobalSection
	GlobalSection(SolutionProperties) = preSolution
		HideSolutionNode = FALSE
	EndGlobalSection
	GlobalSection(ExtensibilityGlobals) = postSolution
		SolutionGuid = {AC7D132E-50CF-4B1D-BAE1-0FA461DF4D7D}
	EndGlobalSection
EndGlobal
